
Microsoft Visual Studio Solution File, Format Version 12.00
# Visual Studio Version 17
VisualStudioVersion = 17.7.34024.191
MinimumVisualStudioVersion = 10.0.40219.1
Project("{FAE04EC0-301F-11D3-BF4B-00C04F79EFBC}") = "N Queen Problem", "N Queen Problem\N Queen Problem.csproj", "{74A4F736-BE68-42B0-BFFD-D55C161F396C}"
EndProject
Global
	GlobalSection(SolutionConfigurationPlatforms) = preSolution
		Debug|Any CPU = Debug|Any CPU
		Release|Any CPU = Release|Any CPU
	EndGlobalSection
	GlobalSection(ProjectConfigurationPlatforms) = postSolution
		{74A4F736-BE68-42B0-BFFD-D55C161F396C}.Debug|Any CPU.ActiveCfg = Debug|Any CPU
		{74A4F736-BE68-42B0-BFFD-D55C161F396C}.Debug|Any CPU.Build.0 = Debug|Any CPU
		{74A4F736-BE68-42B0-BFFD-D55C161F396C}.Release|Any CPU.ActiveCfg = Release|Any CPU
		{74A4F736-BE68-42B0-BFFD-D55C161F396C}.Release|Any CPU.Build.0 = Release|Any CPU
	EndGlobalSection
	GlobalSection(SolutionProperties) = preSolution
		HideSolutionNode = FALSE
	EndGlobalSection
	GlobalSection(ExtensibilityGlobals) = postSolution
		SolutionGuid = {426D7D25-02A4-4F7B-8A97-193C06BE6C6F}
	EndGlobalSection
EndGlobal
